
Microsoft Visual Studio Solution File, Format Version 12.00
# Visual Studio Version 16
VisualStudioVersion = 16.0.30907.101
MinimumVisualStudioVersion = 10.0.40219.1
Project("{FAE04EC0-301F-11D3-BF4B-00C04F79EFBC}") = "final1", "final1\final1.csproj", "{983FA999-B0A0-4B22-8B57-E61CDBBEA0AB}"
EndProject
Global
	GlobalSection(SolutionConfigurationPlatforms) = preSolution
		Debug|Any CPU = Debug|Any CPU
		Release|Any CPU = Release|Any CPU
	EndGlobalSection
	GlobalSection(ProjectConfigurationPlatforms) = postSolution
		{983FA999-B0A0-4B22-8B57-E61CDBBEA0AB}.Debug|Any CPU.ActiveCfg = Debug|Any CPU
		{983FA999-B0A0-4B22-8B57-E61CDBBEA0AB}.Debug|Any CPU.Build.0 = Debug|Any CPU
		{983FA999-B0A0-4B22-8B57-E61CDBBEA0AB}.Release|Any CPU.ActiveCfg = Release|Any CPU
		{983FA999-B0A0-4B22-8B57-E61CDBBEA0AB}.Release|Any CPU.Build.0 = Release|Any CPU
	EndGlobalSection
	GlobalSection(SolutionProperties) = preSolution
		HideSolutionNode = FALSE
	EndGlobalSection
	GlobalSection(ExtensibilityGlobals) = postSolution
		SolutionGuid = {4890BB1E-6A69-4F13-A6C4-CEA19A7FF97B}
	EndGlobalSection
EndGlobal
